
Microsoft Visual Studio Solution File, Format Version 12.00
# Visual Studio Version 17
VisualStudioVersion = 17.3.32922.545
MinimumVisualStudioVersion = 10.0.40219.1
Project("{FAE04EC0-301F-11D3-BF4B-00C04F79EFBC}") = "AdminDatos", "..\AdminDatos\AdminDatos.csproj", "{18AAE2C7-8F64-4DED-ADE7-B929BF780175}"
EndProject
Project("{FAE04EC0-301F-11D3-BF4B-00C04F79EFBC}") = "AdminNegocio", "..\AdminNegocio\AdminNegocio.csproj", "{997B0713-0DD8-481A-A7B6-E01660FDDD6B}"
EndProject
Project("{FAE04EC0-301F-11D3-BF4B-00C04F79EFBC}") = "AdminEntidades", "..\AdminEntidades\AdminEntidades.csproj", "{92F85675-D354-43B5-AC62-698CBB78748C}"
EndProject
Project("{FAE04EC0-301F-11D3-BF4B-00C04F79EFBC}") = "WinFormsFront", "..\WinFormsApp1\WinFormsFront.csproj", "{9FEAD353-5545-4CD7-97F6-7706FD691C45}"
EndProject
Global
	GlobalSection(SolutionConfigurationPlatforms) = preSolution
		Debug|Any CPU = Debug|Any CPU
		Release|Any CPU = Release|Any CPU
	EndGlobalSection
	GlobalSection(ProjectConfigurationPlatforms) = postSolution
		{18AAE2C7-8F64-4DED-ADE7-B929BF780175}.Debug|Any CPU.ActiveCfg = Debug|Any CPU
		{18AAE2C7-8F64-4DED-ADE7-B929BF780175}.Debug|Any CPU.Build.0 = Debug|Any CPU
		{18AAE2C7-8F64-4DED-ADE7-B929BF780175}.Release|Any CPU.ActiveCfg = Release|Any CPU
		{18AAE2C7-8F64-4DED-ADE7-B929BF780175}.Release|Any CPU.Build.0 = Release|Any CPU
		{997B0713-0DD8-481A-A7B6-E01660FDDD6B}.Debug|Any CPU.ActiveCfg = Debug|Any CPU
		{997B0713-0DD8-481A-A7B6-E01660FDDD6B}.Debug|Any CPU.Build.0 = Debug|Any CPU
		{997B0713-0DD8-481A-A7B6-E01660FDDD6B}.Release|Any CPU.ActiveCfg = Release|Any CPU
		{997B0713-0DD8-481A-A7B6-E01660FDDD6B}.Release|Any CPU.Build.0 = Release|Any CPU
		{92F85675-D354-43B5-AC62-698CBB78748C}.Debug|Any CPU.ActiveCfg = Debug|Any CPU
		{92F85675-D354-43B5-AC62-698CBB78748C}.Debug|Any CPU.Build.0 = Debug|Any CPU
		{92F85675-D354-43B5-AC62-698CBB78748C}.Release|Any CPU.ActiveCfg = Release|Any CPU
		{92F85675-D354-43B5-AC62-698CBB78748C}.Release|Any CPU.Build.0 = Release|Any CPU
		{9FEAD353-5545-4CD7-97F6-7706FD691C45}.Debug|Any CPU.ActiveCfg = Debug|Any CPU
		{9FEAD353-5545-4CD7-97F6-7706FD691C45}.Debug|Any CPU.Build.0 = Debug|Any CPU
		{9FEAD353-5545-4CD7-97F6-7706FD691C45}.Release|Any CPU.ActiveCfg = Release|Any CPU
		{9FEAD353-5545-4CD7-97F6-7706FD691C45}.Release|Any CPU.Build.0 = Release|Any CPU
	EndGlobalSection
	GlobalSection(SolutionProperties) = preSolution
		HideSolutionNode = FALSE
	EndGlobalSection
	GlobalSection(ExtensibilityGlobals) = postSolution
		SolutionGuid = {923D8D53-96F4-4714-BC39-6758AA3D18DB}
	EndGlobalSection
EndGlobal
